
Microsoft Visual Studio Solution File, Format Version 12.00
# Visual Studio 15
VisualStudioVersion = 15.0.26730.3
MinimumVisualStudioVersion = 10.0.40219.1
Project("{9A19103F-16F7-4668-BE54-9A1E7A4F7556}") = "FiapAula6", "FiapAula6\FiapAula6.csproj", "{608EC1E0-4B2D-489C-9296-2DDC85E6DF70}"
EndProject
Global
	GlobalSection(SolutionConfigurationPlatforms) = preSolution
		Debug|Any CPU = Debug|Any CPU
		Release|Any CPU = Release|Any CPU
	EndGlobalSection
	GlobalSection(ProjectConfigurationPlatforms) = postSolution
		{608EC1E0-4B2D-489C-9296-2DDC85E6DF70}.Debug|Any CPU.ActiveCfg = Debug|Any CPU
		{608EC1E0-4B2D-489C-9296-2DDC85E6DF70}.Debug|Any CPU.Build.0 = Debug|Any CPU
		{608EC1E0-4B2D-489C-9296-2DDC85E6DF70}.Release|Any CPU.ActiveCfg = Release|Any CPU
		{608EC1E0-4B2D-489C-9296-2DDC85E6DF70}.Release|Any CPU.Build.0 = Release|Any CPU
	EndGlobalSection
	GlobalSection(SolutionProperties) = preSolution
		HideSolutionNode = FALSE
	EndGlobalSection
	GlobalSection(ExtensibilityGlobals) = postSolution
		SolutionGuid = {ABBF9970-C903-42B4-B4E7-6052B8CB3763}
	EndGlobalSection
EndGlobal
